
Microsoft Visual Studio Solution File, Format Version 12.00
# Visual Studio Version 17
VisualStudioVersion = 17.4.33122.133
MinimumVisualStudioVersion = 10.0.40219.1
Project("{FAE04EC0-301F-11D3-BF4B-00C04F79EFBC}") = "Composicao", "Composicao\Composicao.csproj", "{242C715A-4838-4CD1-96BF-91F0381911DD}"
EndProject
Global
	GlobalSection(SolutionConfigurationPlatforms) = preSolution
		Debug|Any CPU = Debug|Any CPU
		Release|Any CPU = Release|Any CPU
	EndGlobalSection
	GlobalSection(ProjectConfigurationPlatforms) = postSolution
		{242C715A-4838-4CD1-96BF-91F0381911DD}.Debug|Any CPU.ActiveCfg = Debug|Any CPU
		{242C715A-4838-4CD1-96BF-91F0381911DD}.Debug|Any CPU.Build.0 = Debug|Any CPU
		{242C715A-4838-4CD1-96BF-91F0381911DD}.Release|Any CPU.ActiveCfg = Release|Any CPU
		{242C715A-4838-4CD1-96BF-91F0381911DD}.Release|Any CPU.Build.0 = Release|Any CPU
	EndGlobalSection
	GlobalSection(SolutionProperties) = preSolution
		HideSolutionNode = FALSE
	EndGlobalSection
	GlobalSection(ExtensibilityGlobals) = postSolution
		SolutionGuid = {CDCF7C29-F894-4C43-8ED2-89EE806FF33B}
	EndGlobalSection
EndGlobal
